{
  "pins" : [
    {
      "identity" : "nnswiftuikit",
      "kind" : "remoteSourceControl",
      "location" : "https://github.com/nikolainobadi/NnSwiftUIKit",
      "state" : {
        "revision" : "da5e34af67ac849e5e50e4c947c8003073e3a8c0",
        "version" : "2.0.0"
      }
    }
  ],
  "version" : 2
}
